
Microsoft Visual Studio Solution File, Format Version 12.00
# Visual Studio Version 16
VisualStudioVersion = 16.0.32002.261
MinimumVisualStudioVersion = 10.0.40219.1
Project("{FAE04EC0-301F-11D3-BF4B-00C04F79EFBC}") = "MoodAnalyzer_Reflection", "MoodAnalyzer_Reflection.csproj", "{2EA8D3D7-F054-46BD-83E9-2E2E40FE219D}"
EndProject
Project("{FAE04EC0-301F-11D3-BF4B-00C04F79EFBC}") = "MS_Test_MoodAnalyzerReflection", "..\TestProject2\MS_Test_MoodAnalyzerReflection.csproj", "{F033E503-250D-41D7-938B-B63F9765CA82}"
EndProject
Global
	GlobalSection(SolutionConfigurationPlatforms) = preSolution
		Debug|Any CPU = Debug|Any CPU
		Release|Any CPU = Release|Any CPU
	EndGlobalSection
	GlobalSection(ProjectConfigurationPlatforms) = postSolution
		{2EA8D3D7-F054-46BD-83E9-2E2E40FE219D}.Debug|Any CPU.ActiveCfg = Debug|Any CPU
		{2EA8D3D7-F054-46BD-83E9-2E2E40FE219D}.Debug|Any CPU.Build.0 = Debug|Any CPU
		{2EA8D3D7-F054-46BD-83E9-2E2E40FE219D}.Release|Any CPU.ActiveCfg = Release|Any CPU
		{2EA8D3D7-F054-46BD-83E9-2E2E40FE219D}.Release|Any CPU.Build.0 = Release|Any CPU
		{F033E503-250D-41D7-938B-B63F9765CA82}.Debug|Any CPU.ActiveCfg = Debug|Any CPU
		{F033E503-250D-41D7-938B-B63F9765CA82}.Debug|Any CPU.Build.0 = Debug|Any CPU
		{F033E503-250D-41D7-938B-B63F9765CA82}.Release|Any CPU.ActiveCfg = Release|Any CPU
		{F033E503-250D-41D7-938B-B63F9765CA82}.Release|Any CPU.Build.0 = Release|Any CPU
	EndGlobalSection
	GlobalSection(SolutionProperties) = preSolution
		HideSolutionNode = FALSE
	EndGlobalSection
	GlobalSection(ExtensibilityGlobals) = postSolution
		SolutionGuid = {0ED350F6-8E2D-46AA-A0C5-A1A7803BDE4E}
	EndGlobalSection
EndGlobal
